
Microsoft Visual Studio Solution File, Format Version 12.00
# Visual Studio Version 17
VisualStudioVersion = 17.0.31912.275
MinimumVisualStudioVersion = 10.0.40219.1
Project("{FAE04EC0-301F-11D3-BF4B-00C04F79EFBC}") = "SignalR.Server", "SignalR\Server\SignalR.Server.csproj", "{C54B1A8D-F2D4-4DA9-A72E-0E8DB51B4538}"
EndProject
Project("{FAE04EC0-301F-11D3-BF4B-00C04F79EFBC}") = "SignalR.Client", "SignalR\Client\SignalR.Client.csproj", "{8B68B9A9-8EC2-4414-A8E9-3C4156542BF0}"
EndProject
Project("{FAE04EC0-301F-11D3-BF4B-00C04F79EFBC}") = "SignalR.Shared", "SignalR\Shared\SignalR.Shared.csproj", "{4F898779-8745-4244-82D5-A9E830E56CA9}"
EndProject
Global
	GlobalSection(SolutionConfigurationPlatforms) = preSolution
		Debug|Any CPU = Debug|Any CPU
		Release|Any CPU = Release|Any CPU
	EndGlobalSection
	GlobalSection(ProjectConfigurationPlatforms) = postSolution
		{C54B1A8D-F2D4-4DA9-A72E-0E8DB51B4538}.Debug|Any CPU.ActiveCfg = Debug|Any CPU
		{C54B1A8D-F2D4-4DA9-A72E-0E8DB51B4538}.Debug|Any CPU.Build.0 = Debug|Any CPU
		{C54B1A8D-F2D4-4DA9-A72E-0E8DB51B4538}.Release|Any CPU.ActiveCfg = Release|Any CPU
		{C54B1A8D-F2D4-4DA9-A72E-0E8DB51B4538}.Release|Any CPU.Build.0 = Release|Any CPU
		{8B68B9A9-8EC2-4414-A8E9-3C4156542BF0}.Debug|Any CPU.ActiveCfg = Debug|Any CPU
		{8B68B9A9-8EC2-4414-A8E9-3C4156542BF0}.Debug|Any CPU.Build.0 = Debug|Any CPU
		{8B68B9A9-8EC2-4414-A8E9-3C4156542BF0}.Release|Any CPU.ActiveCfg = Release|Any CPU
		{8B68B9A9-8EC2-4414-A8E9-3C4156542BF0}.Release|Any CPU.Build.0 = Release|Any CPU
		{4F898779-8745-4244-82D5-A9E830E56CA9}.Debug|Any CPU.ActiveCfg = Debug|Any CPU
		{4F898779-8745-4244-82D5-A9E830E56CA9}.Debug|Any CPU.Build.0 = Debug|Any CPU
		{4F898779-8745-4244-82D5-A9E830E56CA9}.Release|Any CPU.ActiveCfg = Release|Any CPU
		{4F898779-8745-4244-82D5-A9E830E56CA9}.Release|Any CPU.Build.0 = Release|Any CPU
	EndGlobalSection
	GlobalSection(SolutionProperties) = preSolution
		HideSolutionNode = FALSE
	EndGlobalSection
	GlobalSection(ExtensibilityGlobals) = postSolution
		SolutionGuid = {89E5B3B5-188B-46C9-B1E3-64F59D9526BB}
	EndGlobalSection
EndGlobal
